
Microsoft Visual Studio Solution File, Format Version 12.00
# Visual Studio 2012
Project("{2150E333-8FDC-42A3-9474-1A3956D46DE8}") = "ThirdParty", "ThirdParty", "{16DBA568-1950-4EC7-B013-48D84DFBCC3B}"
EndProject
Project("{2150E333-8FDC-42A3-9474-1A3956D46DE8}") = "Common", "Common", "{E3618F7A-E947-4367-B08B-FF30C2E17CFF}"
EndProject
Project("{2150E333-8FDC-42A3-9474-1A3956D46DE8}") = "Projects", "Projects", "{49D91353-B067-42D9-A46A-FA715F0A75B2}"
EndProject
Project("{2150E333-8FDC-42A3-9474-1A3956D46DE8}") = "uvModules", "uvModules", "{0C11D063-CCA1-4CB3-92B3-8D522871EC59}"
EndProject
Project("{8BC9CEB8-8B4A-11D0-8D11-00A0C91BC942}") = "cjson", "thirdparty\cjson\cjson.vcxproj", "{63CD9CE1-6D07-43D5-8795-B9909FA8D05E}"
EndProject
Project("{8BC9CEB8-8B4A-11D0-8D11-00A0C91BC942}") = "exOsip", "thirdparty\exosip\exOsip.vcxproj", "{EE73524F-2100-4479-A0C9-30B4072EBE1B}"
EndProject
Project("{8BC9CEB8-8B4A-11D0-8D11-00A0C91BC942}") = "hiredis", "thirdparty\hiredis\hiredis.vcxproj", "{0265F9BC-7328-45FF-828B-A3753910A6B4}"
EndProject
Project("{8BC9CEB8-8B4A-11D0-8D11-00A0C91BC942}") = "libmariadb", "thirdparty\libmariadb\libmariadb.vcxproj", "{0773974D-5BBB-430D-AE02-2EDCE03EC984}"
EndProject
Project("{8BC9CEB8-8B4A-11D0-8D11-00A0C91BC942}") = "librabbitmq", "thirdparty\librabbitmq\librabbitmq.vcxproj", "{1924623B-46FF-4705-8815-3BF8326E4534}"
EndProject
Project("{8BC9CEB8-8B4A-11D0-8D11-00A0C91BC942}") = "libuv", "thirdparty\libuv\libuv.vcxproj", "{6197738F-BB03-47B6-8685-677BC2C346BC}"
EndProject
Project("{8BC9CEB8-8B4A-11D0-8D11-00A0C91BC942}") = "lua", "thirdparty\lua\lua.vcxproj", "{667F3B9A-5BF5-37B0-9222-33C8F86C89D1}"
EndProject
Project("{8BC9CEB8-8B4A-11D0-8D11-00A0C91BC942}") = "ocilib", "thirdparty\ocilib\ocilib.vcxproj", "{BC78CA01-85A5-4C7B-8311-06BD43534B02}"
EndProject
Project("{8BC9CEB8-8B4A-11D0-8D11-00A0C91BC942}") = "pugixml", "thirdparty\pugixml\pugixml.vcxproj", "{BDF57317-F779-4B3B-8CC4-E908E729C9D5}"
EndProject
Project("{8BC9CEB8-8B4A-11D0-8D11-00A0C91BC942}") = "zlib", "thirdparty\zlib\zlib.vcxproj", "{7C7DACF4-13BC-41C2-B39A-9CD661DFC24B}"
EndProject
Project("{8BC9CEB8-8B4A-11D0-8D11-00A0C91BC942}") = "crypto", "common\crypto\crypto.vcxproj", "{221F18F9-C590-448A-B937-C6E630015CAA}"
EndProject
Project("{8BC9CEB8-8B4A-11D0-8D11-00A0C91BC942}") = "ludb", "common\ludb\ludb.vcxproj", "{4EBD39F9-4927-491A-81C3-B0CB42389024}"
EndProject
Project("{8BC9CEB8-8B4A-11D0-8D11-00A0C91BC942}") = "util", "common\util\util.vcxproj", "{642077F6-2CA8-4E04-9B0D-9CFA1E5EFA49}"
EndProject
Project("{8BC9CEB8-8B4A-11D0-8D11-00A0C91BC942}") = "utilc", "common\utilc\utilc.vcxproj", "{5D8B3C31-2629-40A1-8C75-8E50224B60A7}"
EndProject
Project("{8BC9CEB8-8B4A-11D0-8D11-00A0C91BC942}") = "pm", "common\pm\pm.vcxproj", "{8D161DB0-D6E5-49DE-BE10-527566909DF9}"
EndProject
Project("{8BC9CEB8-8B4A-11D0-8D11-00A0C91BC942}") = "uvipc", "uvmodules\uvipc\uvipc.vcxproj", "{241FC295-0331-4A57-921B-7407ED1EA3BB}"
EndProject
Project("{8BC9CEB8-8B4A-11D0-8D11-00A0C91BC942}") = "uvlogplus", "uvmodules\uvlogplus\uvlogplus.vcxproj", "{053C306C-2522-47DF-A4CA-4910086670C8}"
EndProject
Project("{8BC9CEB8-8B4A-11D0-8D11-00A0C91BC942}") = "uvnetplus", "uvmodules\uvnetplus\uvnetplus.vcxproj", "{F619C109-3255-4794-AB1C-218A94E7F2BC}"
EndProject
Project("{8BC9CEB8-8B4A-11D0-8D11-00A0C91BC942}") = "ipc_server", "projects\ipc_server\ipc_server.vcxproj", "{40AC2285-128F-48E8-8045-4D9550255A7C}"
EndProject
Project("{8BC9CEB8-8B4A-11D0-8D11-00A0C91BC942}") = "live_server", "projects\live_server\live_server.vcxproj", "{1E1F4CDE-C5F5-4FFD-A17C-5C2B882C14C1}"
EndProject
Project("{8BC9CEB8-8B4A-11D0-8D11-00A0C91BC942}") = "sip_server", "projects\sip_server\sip_server.vcxproj", "{2262E19B-E22D-4003-98C9-A1F237B2FE85}"
EndProject
Project("{8BC9CEB8-8B4A-11D0-8D11-00A0C91BC942}") = "capture_server", "projects\capture_server\capture_server.vcxproj", "{5E7F1F0D-5D39-4789-AB73-3FB47A6F3788}"
EndProject
Project("{8BC9CEB8-8B4A-11D0-8D11-00A0C91BC942}") = "sqlite3", "thirdparty\sqlite3\sqlite3.vcxproj", "{C64E8DCD-4B50-4728-9C3D-A561719DB62D}"
EndProject
Project("{8BC9CEB8-8B4A-11D0-8D11-00A0C91BC942}") = "hik_sdk", "projects\hik_sdk\hik_sdk.vcxproj", "{68E8A605-26E8-45BF-950A-8F28ED70B736}"
EndProject
Project("{8BC9CEB8-8B4A-11D0-8D11-00A0C91BC942}") = "worker", "projects\worker\worker.vcxproj", "{D2897357-49B2-4060-935E-4880C1C856F6}"
EndProject
Project("{8BC9CEB8-8B4A-11D0-8D11-00A0C91BC942}") = "control_server", "projects\control_server\control_server.vcxproj", "{61E3CD90-E122-42FD-A4DC-FEA312265478}"
EndProject
Project("{8BC9CEB8-8B4A-11D0-8D11-00A0C91BC942}") = "relay_server", "projects\relay_server\relay_server.vcxproj", "{7A4D5930-327B-49D3-B6BA-9F4F4BD4E720}"
EndProject
Global
	GlobalSection(SolutionConfigurationPlatforms) = preSolution
		Debug|Win32 = Debug|Win32
		Debug|x64 = Debug|x64
		Release|Win32 = Release|Win32
		Release|x64 = Release|x64
	EndGlobalSection
	GlobalSection(ProjectConfigurationPlatforms) = postSolution
		{63CD9CE1-6D07-43D5-8795-B9909FA8D05E}.Debug|Win32.ActiveCfg = Debug|x64
		{63CD9CE1-6D07-43D5-8795-B9909FA8D05E}.Debug|x64.ActiveCfg = Debug|x64
		{63CD9CE1-6D07-43D5-8795-B9909FA8D05E}.Debug|x64.Build.0 = Debug|x64
		{63CD9CE1-6D07-43D5-8795-B9909FA8D05E}.Release|Win32.ActiveCfg = Release|x64
		{63CD9CE1-6D07-43D5-8795-B9909FA8D05E}.Release|x64.ActiveCfg = Release|x64
		{63CD9CE1-6D07-43D5-8795-B9909FA8D05E}.Release|x64.Build.0 = Release|x64
		{EE73524F-2100-4479-A0C9-30B4072EBE1B}.Debug|Win32.ActiveCfg = Debug|x64
		{EE73524F-2100-4479-A0C9-30B4072EBE1B}.Debug|x64.ActiveCfg = Debug|x64
		{EE73524F-2100-4479-A0C9-30B4072EBE1B}.Debug|x64.Build.0 = Debug|x64
		{EE73524F-2100-4479-A0C9-30B4072EBE1B}.Release|Win32.ActiveCfg = Release|x64
		{EE73524F-2100-4479-A0C9-30B4072EBE1B}.Release|x64.ActiveCfg = Release|x64
		{EE73524F-2100-4479-A0C9-30B4072EBE1B}.Release|x64.Build.0 = Release|x64
		{0265F9BC-7328-45FF-828B-A3753910A6B4}.Debug|Win32.ActiveCfg = Debug|x64
		{0265F9BC-7328-45FF-828B-A3753910A6B4}.Debug|x64.ActiveCfg = Debug|x64
		{0265F9BC-7328-45FF-828B-A3753910A6B4}.Debug|x64.Build.0 = Debug|x64
		{0265F9BC-7328-45FF-828B-A3753910A6B4}.Release|Win32.ActiveCfg = Release|x64
		{0265F9BC-7328-45FF-828B-A3753910A6B4}.Release|x64.ActiveCfg = Release|x64
		{0265F9BC-7328-45FF-828B-A3753910A6B4}.Release|x64.Build.0 = Release|x64
		{0773974D-5BBB-430D-AE02-2EDCE03EC984}.Debug|Win32.ActiveCfg = Debug|x64
		{0773974D-5BBB-430D-AE02-2EDCE03EC984}.Debug|x64.ActiveCfg = Debug|x64
		{0773974D-5BBB-430D-AE02-2EDCE03EC984}.Debug|x64.Build.0 = Debug|x64
		{0773974D-5BBB-430D-AE02-2EDCE03EC984}.Release|Win32.ActiveCfg = Release|x64
		{0773974D-5BBB-430D-AE02-2EDCE03EC984}.Release|x64.ActiveCfg = Release|x64
		{0773974D-5BBB-430D-AE02-2EDCE03EC984}.Release|x64.Build.0 = Release|x64
		{1924623B-46FF-4705-8815-3BF8326E4534}.Debug|Win32.ActiveCfg = Debug|x64
		{1924623B-46FF-4705-8815-3BF8326E4534}.Debug|x64.ActiveCfg = Debug|x64
		{1924623B-46FF-4705-8815-3BF8326E4534}.Debug|x64.Build.0 = Debug|x64
		{1924623B-46FF-4705-8815-3BF8326E4534}.Release|Win32.ActiveCfg = Release|x64
		{1924623B-46FF-4705-8815-3BF8326E4534}.Release|x64.ActiveCfg = Release|x64
		{1924623B-46FF-4705-8815-3BF8326E4534}.Release|x64.Build.0 = Release|x64
		{6197738F-BB03-47B6-8685-677BC2C346BC}.Debug|Win32.ActiveCfg = Debug|x64
		{6197738F-BB03-47B6-8685-677BC2C346BC}.Debug|x64.ActiveCfg = Debug|x64
		{6197738F-BB03-47B6-8685-677BC2C346BC}.Debug|x64.Build.0 = Debug|x64
		{6197738F-BB03-47B6-8685-677BC2C346BC}.Release|Win32.ActiveCfg = Release|x64
		{6197738F-BB03-47B6-8685-677BC2C346BC}.Release|x64.ActiveCfg = Release|x64
		{6197738F-BB03-47B6-8685-677BC2C346BC}.Release|x64.Build.0 = Release|x64
		{667F3B9A-5BF5-37B0-9222-33C8F86C89D1}.Debug|Win32.ActiveCfg = Debug|x64
		{667F3B9A-5BF5-37B0-9222-33C8F86C89D1}.Debug|x64.ActiveCfg = Debug|x64
		{667F3B9A-5BF5-37B0-9222-33C8F86C89D1}.Debug|x64.Build.0 = Debug|x64
		{667F3B9A-5BF5-37B0-9222-33C8F86C89D1}.Release|Win32.ActiveCfg = Release|x64
		{667F3B9A-5BF5-37B0-9222-33C8F86C89D1}.Release|x64.ActiveCfg = Release|x64
		{667F3B9A-5BF5-37B0-9222-33C8F86C89D1}.Release|x64.Build.0 = Release|x64
		{BC78CA01-85A5-4C7B-8311-06BD43534B02}.Debug|Win32.ActiveCfg = Debug|x64
		{BC78CA01-85A5-4C7B-8311-06BD43534B02}.Debug|x64.ActiveCfg = Debug|x64
		{BC78CA01-85A5-4C7B-8311-06BD43534B02}.Debug|x64.Build.0 = Debug|x64
		{BC78CA01-85A5-4C7B-8311-06BD43534B02}.Release|Win32.ActiveCfg = Release|x64
		{BC78CA01-85A5-4C7B-8311-06BD43534B02}.Release|x64.ActiveCfg = Release|x64
		{BC78CA01-85A5-4C7B-8311-06BD43534B02}.Release|x64.Build.0 = Release|x64
		{BDF57317-F779-4B3B-8CC4-E908E729C9D5}.Debug|Win32.ActiveCfg = Debug|x64
		{BDF57317-F779-4B3B-8CC4-E908E729C9D5}.Debug|x64.ActiveCfg = Debug|x64
		{BDF57317-F779-4B3B-8CC4-E908E729C9D5}.Debug|x64.Build.0 = Debug|x64
		{BDF57317-F779-4B3B-8CC4-E908E729C9D5}.Release|Win32.ActiveCfg = Release|x64
		{BDF57317-F779-4B3B-8CC4-E908E729C9D5}.Release|x64.ActiveCfg = Release|x64
		{BDF57317-F779-4B3B-8CC4-E908E729C9D5}.Release|x64.Build.0 = Release|x64
		{7C7DACF4-13BC-41C2-B39A-9CD661DFC24B}.Debug|Win32.ActiveCfg = Debug|x64
		{7C7DACF4-13BC-41C2-B39A-9CD661DFC24B}.Debug|x64.ActiveCfg = Debug|x64
		{7C7DACF4-13BC-41C2-B39A-9CD661DFC24B}.Debug|x64.Build.0 = Debug|x64
		{7C7DACF4-13BC-41C2-B39A-9CD661DFC24B}.Release|Win32.ActiveCfg = Release|x64
		{7C7DACF4-13BC-41C2-B39A-9CD661DFC24B}.Release|x64.ActiveCfg = Release|x64
		{7C7DACF4-13BC-41C2-B39A-9CD661DFC24B}.Release|x64.Build.0 = Release|x64
		{221F18F9-C590-448A-B937-C6E630015CAA}.Debug|Win32.ActiveCfg = Debug|x64
		{221F18F9-C590-448A-B937-C6E630015CAA}.Debug|x64.ActiveCfg = Debug|x64
		{221F18F9-C590-448A-B937-C6E630015CAA}.Debug|x64.Build.0 = Debug|x64
		{221F18F9-C590-448A-B937-C6E630015CAA}.Release|Win32.ActiveCfg = Release|x64
		{221F18F9-C590-448A-B937-C6E630015CAA}.Release|x64.ActiveCfg = Release|x64
		{221F18F9-C590-448A-B937-C6E630015CAA}.Release|x64.Build.0 = Release|x64
		{4EBD39F9-4927-491A-81C3-B0CB42389024}.Debug|Win32.ActiveCfg = Debug|x64
		{4EBD39F9-4927-491A-81C3-B0CB42389024}.Debug|x64.ActiveCfg = Debug|x64
		{4EBD39F9-4927-491A-81C3-B0CB42389024}.Debug|x64.Build.0 = Debug|x64
		{4EBD39F9-4927-491A-81C3-B0CB42389024}.Release|Win32.ActiveCfg = Release|x64
		{4EBD39F9-4927-491A-81C3-B0CB42389024}.Release|x64.ActiveCfg = Release|x64
		{4EBD39F9-4927-491A-81C3-B0CB42389024}.Release|x64.Build.0 = Release|x64
		{642077F6-2CA8-4E04-9B0D-9CFA1E5EFA49}.Debug|Win32.ActiveCfg = Debug|x64
		{642077F6-2CA8-4E04-9B0D-9CFA1E5EFA49}.Debug|x64.ActiveCfg = Debug|x64
		{642077F6-2CA8-4E04-9B0D-9CFA1E5EFA49}.Debug|x64.Build.0 = Debug|x64
		{642077F6-2CA8-4E04-9B0D-9CFA1E5EFA49}.Release|Win32.ActiveCfg = Release|x64
		{642077F6-2CA8-4E04-9B0D-9CFA1E5EFA49}.Release|x64.ActiveCfg = Release|x64
		{642077F6-2CA8-4E04-9B0D-9CFA1E5EFA49}.Release|x64.Build.0 = Release|x64
		{5D8B3C31-2629-40A1-8C75-8E50224B60A7}.Debug|Win32.ActiveCfg = Debug|x64
		{5D8B3C31-2629-40A1-8C75-8E50224B60A7}.Debug|x64.ActiveCfg = Debug|x64
		{5D8B3C31-2629-40A1-8C75-8E50224B60A7}.Debug|x64.Build.0 = Debug|x64
		{5D8B3C31-2629-40A1-8C75-8E50224B60A7}.Release|Win32.ActiveCfg = Release|x64
		{5D8B3C31-2629-40A1-8C75-8E50224B60A7}.Release|x64.ActiveCfg = Release|x64
		{5D8B3C31-2629-40A1-8C75-8E50224B60A7}.Release|x64.Build.0 = Release|x64
		{8D161DB0-D6E5-49DE-BE10-527566909DF9}.Debug|Win32.ActiveCfg = Debug|x64
		{8D161DB0-D6E5-49DE-BE10-527566909DF9}.Debug|x64.ActiveCfg = Debug|x64
		{8D161DB0-D6E5-49DE-BE10-527566909DF9}.Debug|x64.Build.0 = Debug|x64
		{8D161DB0-D6E5-49DE-BE10-527566909DF9}.Release|Win32.ActiveCfg = Release|x64
		{8D161DB0-D6E5-49DE-BE10-527566909DF9}.Release|x64.ActiveCfg = Release|x64
		{8D161DB0-D6E5-49DE-BE10-527566909DF9}.Release|x64.Build.0 = Release|x64
		{241FC295-0331-4A57-921B-7407ED1EA3BB}.Debug|Win32.ActiveCfg = Debug|x64
		{241FC295-0331-4A57-921B-7407ED1EA3BB}.Debug|x64.ActiveCfg = Debug|x64
		{241FC295-0331-4A57-921B-7407ED1EA3BB}.Debug|x64.Build.0 = Debug|x64
		{241FC295-0331-4A57-921B-7407ED1EA3BB}.Release|Win32.ActiveCfg = Release|x64
		{241FC295-0331-4A57-921B-7407ED1EA3BB}.Release|x64.ActiveCfg = Release|x64
		{241FC295-0331-4A57-921B-7407ED1EA3BB}.Release|x64.Build.0 = Release|x64
		{053C306C-2522-47DF-A4CA-4910086670C8}.Debug|Win32.ActiveCfg = Debug|x64
		{053C306C-2522-47DF-A4CA-4910086670C8}.Debug|x64.ActiveCfg = Debug|x64
		{053C306C-2522-47DF-A4CA-4910086670C8}.Debug|x64.Build.0 = Debug|x64
		{053C306C-2522-47DF-A4CA-4910086670C8}.Release|Win32.ActiveCfg = Release|x64
		{053C306C-2522-47DF-A4CA-4910086670C8}.Release|x64.ActiveCfg = Release|x64
		{053C306C-2522-47DF-A4CA-4910086670C8}.Release|x64.Build.0 = Release|x64
		{F619C109-3255-4794-AB1C-218A94E7F2BC}.Debug|Win32.ActiveCfg = Debug|x64
		{F619C109-3255-4794-AB1C-218A94E7F2BC}.Debug|x64.ActiveCfg = Debug|x64
		{F619C109-3255-4794-AB1C-218A94E7F2BC}.Debug|x64.Build.0 = Debug|x64
		{F619C109-3255-4794-AB1C-218A94E7F2BC}.Release|Win32.ActiveCfg = Release|x64
		{F619C109-3255-4794-AB1C-218A94E7F2BC}.Release|x64.ActiveCfg = Release|x64
		{F619C109-3255-4794-AB1C-218A94E7F2BC}.Release|x64.Build.0 = Release|x64
		{40AC2285-128F-48E8-8045-4D9550255A7C}.Debug|Win32.ActiveCfg = Debug|x64
		{40AC2285-128F-48E8-8045-4D9550255A7C}.Debug|x64.ActiveCfg = Debug|x64
		{40AC2285-128F-48E8-8045-4D9550255A7C}.Debug|x64.Build.0 = Debug|x64
		{40AC2285-128F-48E8-8045-4D9550255A7C}.Release|Win32.ActiveCfg = Release|x64
		{40AC2285-128F-48E8-8045-4D9550255A7C}.Release|x64.ActiveCfg = Release|x64
		{40AC2285-128F-48E8-8045-4D9550255A7C}.Release|x64.Build.0 = Release|x64
		{1E1F4CDE-C5F5-4FFD-A17C-5C2B882C14C1}.Debug|Win32.ActiveCfg = Debug|x64
		{1E1F4CDE-C5F5-4FFD-A17C-5C2B882C14C1}.Debug|x64.ActiveCfg = Debug|x64
		{1E1F4CDE-C5F5-4FFD-A17C-5C2B882C14C1}.Debug|x64.Build.0 = Debug|x64
		{1E1F4CDE-C5F5-4FFD-A17C-5C2B882C14C1}.Release|Win32.ActiveCfg = Release|x64
		{1E1F4CDE-C5F5-4FFD-A17C-5C2B882C14C1}.Release|x64.ActiveCfg = Release|x64
		{1E1F4CDE-C5F5-4FFD-A17C-5C2B882C14C1}.Release|x64.Build.0 = Release|x64
		{2262E19B-E22D-4003-98C9-A1F237B2FE85}.Debug|Win32.ActiveCfg = Debug|x64
		{2262E19B-E22D-4003-98C9-A1F237B2FE85}.Debug|x64.ActiveCfg = Debug|x64
		{2262E19B-E22D-4003-98C9-A1F237B2FE85}.Debug|x64.Build.0 = Debug|x64
		{2262E19B-E22D-4003-98C9-A1F237B2FE85}.Release|Win32.ActiveCfg = Release|x64
		{2262E19B-E22D-4003-98C9-A1F237B2FE85}.Release|x64.ActiveCfg = Release|x64
		{2262E19B-E22D-4003-98C9-A1F237B2FE85}.Release|x64.Build.0 = Release|x64
		{5E7F1F0D-5D39-4789-AB73-3FB47A6F3788}.Debug|Win32.ActiveCfg = Debug|x64
		{5E7F1F0D-5D39-4789-AB73-3FB47A6F3788}.Debug|x64.ActiveCfg = Debug|x64
		{5E7F1F0D-5D39-4789-AB73-3FB47A6F3788}.Debug|x64.Build.0 = Debug|x64
		{5E7F1F0D-5D39-4789-AB73-3FB47A6F3788}.Release|Win32.ActiveCfg = Release|x64
		{5E7F1F0D-5D39-4789-AB73-3FB47A6F3788}.Release|x64.ActiveCfg = Release|x64
		{5E7F1F0D-5D39-4789-AB73-3FB47A6F3788}.Release|x64.Build.0 = Release|x64
		{C64E8DCD-4B50-4728-9C3D-A561719DB62D}.Debug|Win32.ActiveCfg = Debug|x64
		{C64E8DCD-4B50-4728-9C3D-A561719DB62D}.Debug|x64.ActiveCfg = Debug|x64
		{C64E8DCD-4B50-4728-9C3D-A561719DB62D}.Debug|x64.Build.0 = Debug|x64
		{C64E8DCD-4B50-4728-9C3D-A561719DB62D}.Release|Win32.ActiveCfg = Release|x64
		{C64E8DCD-4B50-4728-9C3D-A561719DB62D}.Release|x64.ActiveCfg = Release|x64
		{C64E8DCD-4B50-4728-9C3D-A561719DB62D}.Release|x64.Build.0 = Release|x64
		{68E8A605-26E8-45BF-950A-8F28ED70B736}.Debug|Win32.ActiveCfg = Debug|Win32
		{68E8A605-26E8-45BF-950A-8F28ED70B736}.Debug|Win32.Build.0 = Debug|Win32
		{68E8A605-26E8-45BF-950A-8F28ED70B736}.Debug|x64.ActiveCfg = Debug|x64
		{68E8A605-26E8-45BF-950A-8F28ED70B736}.Debug|x64.Build.0 = Debug|x64
		{68E8A605-26E8-45BF-950A-8F28ED70B736}.Release|Win32.ActiveCfg = Release|Win32
		{68E8A605-26E8-45BF-950A-8F28ED70B736}.Release|Win32.Build.0 = Release|Win32
		{68E8A605-26E8-45BF-950A-8F28ED70B736}.Release|x64.ActiveCfg = Release|x64
		{68E8A605-26E8-45BF-950A-8F28ED70B736}.Release|x64.Build.0 = Release|x64
		{D2897357-49B2-4060-935E-4880C1C856F6}.Debug|Win32.ActiveCfg = Debug|x64
		{D2897357-49B2-4060-935E-4880C1C856F6}.Debug|x64.ActiveCfg = Debug|x64
		{D2897357-49B2-4060-935E-4880C1C856F6}.Debug|x64.Build.0 = Debug|x64
		{D2897357-49B2-4060-935E-4880C1C856F6}.Release|Win32.ActiveCfg = Release|x64
		{D2897357-49B2-4060-935E-4880C1C856F6}.Release|x64.ActiveCfg = Release|x64
		{D2897357-49B2-4060-935E-4880C1C856F6}.Release|x64.Build.0 = Release|x64
		{61E3CD90-E122-42FD-A4DC-FEA312265478}.Debug|Win32.ActiveCfg = Debug|x64
		{61E3CD90-E122-42FD-A4DC-FEA312265478}.Debug|x64.ActiveCfg = Debug|x64
		{61E3CD90-E122-42FD-A4DC-FEA312265478}.Debug|x64.Build.0 = Debug|x64
		{61E3CD90-E122-42FD-A4DC-FEA312265478}.Release|Win32.ActiveCfg = Release|x64
		{61E3CD90-E122-42FD-A4DC-FEA312265478}.Release|x64.ActiveCfg = Release|x64
		{61E3CD90-E122-42FD-A4DC-FEA312265478}.Release|x64.Build.0 = Release|x64
		{7A4D5930-327B-49D3-B6BA-9F4F4BD4E720}.Debug|Win32.ActiveCfg = Debug|x64
		{7A4D5930-327B-49D3-B6BA-9F4F4BD4E720}.Debug|x64.ActiveCfg = Debug|x64
		{7A4D5930-327B-49D3-B6BA-9F4F4BD4E720}.Debug|x64.Build.0 = Debug|x64
		{7A4D5930-327B-49D3-B6BA-9F4F4BD4E720}.Release|Win32.ActiveCfg = Release|x64
		{7A4D5930-327B-49D3-B6BA-9F4F4BD4E720}.Release|x64.ActiveCfg = Release|x64
		{7A4D5930-327B-49D3-B6BA-9F4F4BD4E720}.Release|x64.Build.0 = Release|x64
	EndGlobalSection
	GlobalSection(SolutionProperties) = preSolution
		HideSolutionNode = FALSE
	EndGlobalSection
	GlobalSection(NestedProjects) = preSolution
		{63CD9CE1-6D07-43D5-8795-B9909FA8D05E} = {16DBA568-1950-4EC7-B013-48D84DFBCC3B}
		{EE73524F-2100-4479-A0C9-30B4072EBE1B} = {16DBA568-1950-4EC7-B013-48D84DFBCC3B}
		{0265F9BC-7328-45FF-828B-A3753910A6B4} = {16DBA568-1950-4EC7-B013-48D84DFBCC3B}
		{0773974D-5BBB-430D-AE02-2EDCE03EC984} = {16DBA568-1950-4EC7-B013-48D84DFBCC3B}
		{1924623B-46FF-4705-8815-3BF8326E4534} = {16DBA568-1950-4EC7-B013-48D84DFBCC3B}
		{6197738F-BB03-47B6-8685-677BC2C346BC} = {16DBA568-1950-4EC7-B013-48D84DFBCC3B}
		{667F3B9A-5BF5-37B0-9222-33C8F86C89D1} = {16DBA568-1950-4EC7-B013-48D84DFBCC3B}
		{BC78CA01-85A5-4C7B-8311-06BD43534B02} = {16DBA568-1950-4EC7-B013-48D84DFBCC3B}
		{BDF57317-F779-4B3B-8CC4-E908E729C9D5} = {16DBA568-1950-4EC7-B013-48D84DFBCC3B}
		{7C7DACF4-13BC-41C2-B39A-9CD661DFC24B} = {16DBA568-1950-4EC7-B013-48D84DFBCC3B}
		{C64E8DCD-4B50-4728-9C3D-A561719DB62D} = {16DBA568-1950-4EC7-B013-48D84DFBCC3B}
		{221F18F9-C590-448A-B937-C6E630015CAA} = {E3618F7A-E947-4367-B08B-FF30C2E17CFF}
		{4EBD39F9-4927-491A-81C3-B0CB42389024} = {E3618F7A-E947-4367-B08B-FF30C2E17CFF}
		{642077F6-2CA8-4E04-9B0D-9CFA1E5EFA49} = {E3618F7A-E947-4367-B08B-FF30C2E17CFF}
		{5D8B3C31-2629-40A1-8C75-8E50224B60A7} = {E3618F7A-E947-4367-B08B-FF30C2E17CFF}
		{8D161DB0-D6E5-49DE-BE10-527566909DF9} = {E3618F7A-E947-4367-B08B-FF30C2E17CFF}
		{40AC2285-128F-48E8-8045-4D9550255A7C} = {49D91353-B067-42D9-A46A-FA715F0A75B2}
		{1E1F4CDE-C5F5-4FFD-A17C-5C2B882C14C1} = {49D91353-B067-42D9-A46A-FA715F0A75B2}
		{2262E19B-E22D-4003-98C9-A1F237B2FE85} = {49D91353-B067-42D9-A46A-FA715F0A75B2}
		{5E7F1F0D-5D39-4789-AB73-3FB47A6F3788} = {49D91353-B067-42D9-A46A-FA715F0A75B2}
		{68E8A605-26E8-45BF-950A-8F28ED70B736} = {49D91353-B067-42D9-A46A-FA715F0A75B2}
		{D2897357-49B2-4060-935E-4880C1C856F6} = {49D91353-B067-42D9-A46A-FA715F0A75B2}
		{61E3CD90-E122-42FD-A4DC-FEA312265478} = {49D91353-B067-42D9-A46A-FA715F0A75B2}
		{7A4D5930-327B-49D3-B6BA-9F4F4BD4E720} = {49D91353-B067-42D9-A46A-FA715F0A75B2}
		{241FC295-0331-4A57-921B-7407ED1EA3BB} = {0C11D063-CCA1-4CB3-92B3-8D522871EC59}
		{053C306C-2522-47DF-A4CA-4910086670C8} = {0C11D063-CCA1-4CB3-92B3-8D522871EC59}
		{F619C109-3255-4794-AB1C-218A94E7F2BC} = {0C11D063-CCA1-4CB3-92B3-8D522871EC59}
	EndGlobalSection
EndGlobal
