<?xml version="1.0" encoding="utf-8"?>
<Project ToolsVersion="4.0" xmlns="http://schemas.microsoft.com/developer/msbuild/2003">
  <ItemGroup>
    <Filter Include="头文件">
      <UniqueIdentifier>{e1be21b5-e0d0-4a69-9c81-2fe45f034020}</UniqueIdentifier>
    </Filter>
    <Filter Include="源文件">
      <UniqueIdentifier>{75ae4239-2153-4326-8935-d2a9e5908329}</UniqueIdentifier>
    </Filter>
  </ItemGroup>
  <ItemGroup>
    <ClCompile Include="src\stdafx.cpp">
      <Filter>源文件</Filter>
    </ClCompile>
    <ClCompile Include="Src\TS.cpp">
      <Filter>源文件</Filter>
    </ClCompile>
    <ClCompile Include="Src\Flv.cpp">
      <Filter>源文件</Filter>
    </ClCompile>
    <ClCompile Include="Src\H264.cpp">
      <Filter>源文件</Filter>
    </ClCompile>
    <ClCompile Include="Src\LiveInstance.cpp">
      <Filter>源文件</Filter>
    </ClCompile>
    <ClCompile Include="Src\Rtp.cpp">
      <Filter>源文件</Filter>
    </ClCompile>
    <ClCompile Include="Src\Ps.cpp">
      <Filter>源文件</Filter>
    </ClCompile>
    <ClCompile Include="Src\Pes.cpp">
      <Filter>源文件</Filter>
    </ClCompile>
    <ClCompile Include="Src\ES.cpp">
      <Filter>源文件</Filter>
    </ClCompile>
    <ClCompile Include="Src\MP4.cpp">
      <Filter>源文件</Filter>
    </ClCompile>
  </ItemGroup>
  <ItemGroup>
    <ClInclude Include="src\stdafx.h">
      <Filter>源文件</Filter>
    </ClInclude>
    <ClInclude Include="src\targetver.h">
      <Filter>源文件</Filter>
    </ClInclude>
    <ClInclude Include="Include\TS.h">
      <Filter>头文件</Filter>
    </ClInclude>
    <ClInclude Include="Include\H264.h">
      <Filter>头文件</Filter>
    </ClInclude>
    <ClInclude Include="Include\Flv.h">
      <Filter>头文件</Filter>
    </ClInclude>
    <ClInclude Include="Include\libLive.h">
      <Filter>头文件</Filter>
    </ClInclude>
    <ClInclude Include="Include\LiveInstance.h">
      <Filter>头文件</Filter>
    </ClInclude>
    <ClInclude Include="Include\Rtp.h">
      <Filter>头文件</Filter>
    </ClInclude>
    <ClInclude Include="Include\Ps.h">
      <Filter>头文件</Filter>
    </ClInclude>
    <ClInclude Include="Include\Pes.h">
      <Filter>头文件</Filter>
    </ClInclude>
    <ClInclude Include="Include\ES.h">
      <Filter>头文件</Filter>
    </ClInclude>
    <ClInclude Include="Include\MP4.h">
      <Filter>头文件</Filter>
    </ClInclude>
  </ItemGroup>
</Project>