<?xml version="1.0" encoding="utf-8"?>
<Project ToolsVersion="4.0" xmlns="http://schemas.microsoft.com/developer/msbuild/2003">
  <ItemGroup>
    <Filter Include="include">
      <UniqueIdentifier>{034eb1af-ec79-46aa-a900-3dc87a27fe06}</UniqueIdentifier>
    </Filter>
    <Filter Include="src">
      <UniqueIdentifier>{b67cdc1b-e6ad-48b1-9772-dfa3a5cf8a0e}</UniqueIdentifier>
    </Filter>
  </ItemGroup>
  <ItemGroup>
    <ClInclude Include="memfile.h">
      <Filter>include</Filter>
    </ClInclude>
    <ClInclude Include="netstream.h">
      <Filter>include</Filter>
    </ClInclude>
    <ClInclude Include="ring_buff.h">
      <Filter>include</Filter>
    </ClInclude>
    <ClInclude Include="utilc.h">
      <Filter>include</Filter>
    </ClInclude>
    <ClInclude Include="utilc_api.h">
      <Filter>include</Filter>
    </ClInclude>
    <ClInclude Include="utilc_def.h">
      <Filter>include</Filter>
    </ClInclude>
    <ClInclude Include="utilc_export.h">
      <Filter>include</Filter>
    </ClInclude>
    <ClInclude Include="linked_list.h">
      <Filter>include</Filter>
    </ClInclude>
    <ClInclude Include="doubly_linked_list.h">
      <Filter>include</Filter>
    </ClInclude>
    <ClInclude Include="buflist.h">
      <Filter>include</Filter>
    </ClInclude>
    <ClInclude Include="bnf.h">
      <Filter>include</Filter>
    </ClInclude>
  </ItemGroup>
  <ItemGroup>
    <ClCompile Include="memfile.c">
      <Filter>src</Filter>
    </ClCompile>
    <ClCompile Include="netstream.c">
      <Filter>src</Filter>
    </ClCompile>
    <ClCompile Include="ring_buff.c">
      <Filter>src</Filter>
    </ClCompile>
    <ClCompile Include="utilc_api.c">
      <Filter>src</Filter>
    </ClCompile>
    <ClCompile Include="doubly_linked_list.c">
      <Filter>src</Filter>
    </ClCompile>
    <ClCompile Include="buflist.c">
      <Filter>src</Filter>
    </ClCompile>
    <ClCompile Include="bnf.c">
      <Filter>src</Filter>
    </ClCompile>
  </ItemGroup>
</Project>