<?xml version="1.0" encoding="utf-8"?>
<Project ToolsVersion="4.0" xmlns="http://schemas.microsoft.com/developer/msbuild/2003">
  <ItemGroup>
    <Filter Include="include">
      <UniqueIdentifier>{93995380-89BD-4b04-88EB-625FBE52EBFB}</UniqueIdentifier>
      <Extensions>h;hpp;hxx;hm;inl;inc;xsd</Extensions>
    </Filter>
    <Filter Include="src">
      <UniqueIdentifier>{4FC737F1-C7A5-4376-A066-2A32D752A2FF}</UniqueIdentifier>
      <Extensions>cpp;c;cc;cxx;def;odl;idl;hpj;bat;asm;asmx</Extensions>
    </Filter>
  </ItemGroup>
  <ItemGroup>
    <ClInclude Include="utilc.h">
      <Filter>include</Filter>
    </ClInclude>
    <ClInclude Include="utilc_api.h">
      <Filter>include</Filter>
    </ClInclude>
    <ClInclude Include="utilc_bnf.h">
      <Filter>include</Filter>
    </ClInclude>
    <ClInclude Include="utilc_buflist.h">
      <Filter>include</Filter>
    </ClInclude>
    <ClInclude Include="utilc_def.h">
      <Filter>include</Filter>
    </ClInclude>
    <ClInclude Include="utilc_dlinked_list.h">
      <Filter>include</Filter>
    </ClInclude>
    <ClInclude Include="utilc_export.h">
      <Filter>include</Filter>
    </ClInclude>
    <ClInclude Include="utilc_linked_list.h">
      <Filter>include</Filter>
    </ClInclude>
    <ClInclude Include="utilc_memfile.h">
      <Filter>include</Filter>
    </ClInclude>
    <ClInclude Include="utilc_netstream.h">
      <Filter>include</Filter>
    </ClInclude>
    <ClInclude Include="utilc_ring_buff.h">
      <Filter>include</Filter>
    </ClInclude>
    <ClInclude Include="utilc_string.h">
      <Filter>include</Filter>
    </ClInclude>
  </ItemGroup>
  <ItemGroup>
    <ClCompile Include="utilc_api.c">
      <Filter>src</Filter>
    </ClCompile>
    <ClCompile Include="utilc_bnf.c">
      <Filter>src</Filter>
    </ClCompile>
    <ClCompile Include="utilc_buflist.c">
      <Filter>src</Filter>
    </ClCompile>
    <ClCompile Include="utilc_dlinked_list.c">
      <Filter>src</Filter>
    </ClCompile>
    <ClCompile Include="utilc_memfile.c">
      <Filter>src</Filter>
    </ClCompile>
    <ClCompile Include="utilc_netstream.c">
      <Filter>src</Filter>
    </ClCompile>
    <ClCompile Include="utilc_ring_buff.c">
      <Filter>src</Filter>
    </ClCompile>
    <ClCompile Include="utilc_string.c">
      <Filter>src</Filter>
    </ClCompile>
  </ItemGroup>
</Project>