<?xml version="1.0" encoding="utf-8"?>
<Project ToolsVersion="4.0" xmlns="http://schemas.microsoft.com/developer/msbuild/2003">
  <ItemGroup>
    <Filter Include="头文件">
      <UniqueIdentifier>{e1be21b5-e0d0-4a69-9c81-2fe45f034020}</UniqueIdentifier>
    </Filter>
    <Filter Include="源文件">
      <UniqueIdentifier>{75ae4239-2153-4326-8935-d2a9e5908329}</UniqueIdentifier>
    </Filter>
  </ItemGroup>
  <ItemGroup>
    <ClCompile Include="src\stdafx.cpp">
      <Filter>源文件</Filter>
    </ClCompile>
    <ClCompile Include="src\SipRegister.cpp">
      <Filter>源文件</Filter>
    </ClCompile>
    <ClCompile Include="src\SipInstance.cpp">
      <Filter>源文件</Filter>
    </ClCompile>
    <ClCompile Include="src\SipMgr.cpp">
      <Filter>源文件</Filter>
    </ClCompile>
    <ClCompile Include="src\SipSever.cpp">
      <Filter>源文件</Filter>
    </ClCompile>
    <ClCompile Include="src\SipMessage.cpp">
      <Filter>源文件</Filter>
    </ClCompile>
    <ClCompile Include="src\SipMsgParser.cpp">
      <Filter>源文件</Filter>
    </ClCompile>
    <ClCompile Include="src\SipSubscribe.cpp">
      <Filter>源文件</Filter>
    </ClCompile>
    <ClCompile Include="src\SipInvite.cpp">
      <Filter>源文件</Filter>
    </ClCompile>
    <ClCompile Include="src\SipCall.cpp">
      <Filter>源文件</Filter>
    </ClCompile>
    <ClCompile Include="src\SipConfig.cpp">
      <Filter>源文件</Filter>
    </ClCompile>
  </ItemGroup>
  <ItemGroup>
    <ClInclude Include="src\stdafx.h">
      <Filter>源文件</Filter>
    </ClInclude>
    <ClInclude Include="src\targetver.h">
      <Filter>源文件</Filter>
    </ClInclude>
    <ClInclude Include="include\SipHeaders.h">
      <Filter>头文件</Filter>
    </ClInclude>
    <ClInclude Include="include\SipRegister.h">
      <Filter>头文件</Filter>
    </ClInclude>
    <ClInclude Include="include\SipInstance.h">
      <Filter>头文件</Filter>
    </ClInclude>
    <ClInclude Include="include\SipMgr.h">
      <Filter>头文件</Filter>
    </ClInclude>
    <ClInclude Include="include\SipSever.h">
      <Filter>头文件</Filter>
    </ClInclude>
    <ClInclude Include="include\SipMessage.h">
      <Filter>头文件</Filter>
    </ClInclude>
    <ClInclude Include="include\SipMsgParser.h">
      <Filter>头文件</Filter>
    </ClInclude>
    <ClInclude Include="include\SipSubscribe.h">
      <Filter>头文件</Filter>
    </ClInclude>
    <ClInclude Include="include\SipInvite.h">
      <Filter>头文件</Filter>
    </ClInclude>
    <ClInclude Include="include\SipCall.h">
      <Filter>头文件</Filter>
    </ClInclude>
    <ClInclude Include="src\SipConfig.h">
      <Filter>源文件</Filter>
    </ClInclude>
  </ItemGroup>
</Project>